
Microsoft Visual Studio Solution File, Format Version 12.00
# Visual Studio Version 16
VisualStudioVersion = 16.0.31205.134
MinimumVisualStudioVersion = 10.0.40219.1
Project("{8BC9CEB8-8B4A-11D0-8D11-00A0C91BC942}") = "SintetizadorCpp", "SintetizadorCpp.vcxproj", "{105316EC-D9E4-406C-AAFD-07E08C9428D4}"
EndProject
Project("{8BC9CEB8-8B4A-11D0-8D11-00A0C91BC942}") = "FPSCpp", "..\FPSCpp\FPSCpp.vcxproj", "{D32B88C3-92CE-48C2-88D3-D4E1C254C746}"
EndProject
Project("{8BC9CEB8-8B4A-11D0-8D11-00A0C91BC942}") = "SnakeCpp", "..\SnakeCpp\SnakeCpp.vcxproj", "{DEBAA68F-C8B2-4D76-815E-A07B5F0BC1A8}"
EndProject
Project("{8BC9CEB8-8B4A-11D0-8D11-00A0C91BC942}") = "olcConsoleGameEngine", "..\olcConsoleGameEngine\olcConsoleGameEngine.vcxproj", "{E8DE4A7F-22A3-45CA-8285-10802EBA3280}"
EndProject
Project("{8BC9CEB8-8B4A-11D0-8D11-00A0C91BC942}") = "MazeCPP", "..\MazeCPP\MazeCPP.vcxproj", "{7EB61DE3-A957-4EF9-9699-B7A0C41D2A17}"
EndProject
Global
	GlobalSection(SolutionConfigurationPlatforms) = preSolution
		Debug|x64 = Debug|x64
		Debug|x86 = Debug|x86
		Release|x64 = Release|x64
		Release|x86 = Release|x86
	EndGlobalSection
	GlobalSection(ProjectConfigurationPlatforms) = postSolution
		{105316EC-D9E4-406C-AAFD-07E08C9428D4}.Debug|x64.ActiveCfg = Debug|x64
		{105316EC-D9E4-406C-AAFD-07E08C9428D4}.Debug|x64.Build.0 = Debug|x64
		{105316EC-D9E4-406C-AAFD-07E08C9428D4}.Debug|x86.ActiveCfg = Debug|Win32
		{105316EC-D9E4-406C-AAFD-07E08C9428D4}.Debug|x86.Build.0 = Debug|Win32
		{105316EC-D9E4-406C-AAFD-07E08C9428D4}.Release|x64.ActiveCfg = Release|x64
		{105316EC-D9E4-406C-AAFD-07E08C9428D4}.Release|x64.Build.0 = Release|x64
		{105316EC-D9E4-406C-AAFD-07E08C9428D4}.Release|x86.ActiveCfg = Release|Win32
		{105316EC-D9E4-406C-AAFD-07E08C9428D4}.Release|x86.Build.0 = Release|Win32
		{D32B88C3-92CE-48C2-88D3-D4E1C254C746}.Debug|x64.ActiveCfg = Debug|x64
		{D32B88C3-92CE-48C2-88D3-D4E1C254C746}.Debug|x64.Build.0 = Debug|x64
		{D32B88C3-92CE-48C2-88D3-D4E1C254C746}.Debug|x86.ActiveCfg = Debug|Win32
		{D32B88C3-92CE-48C2-88D3-D4E1C254C746}.Debug|x86.Build.0 = Debug|Win32
		{D32B88C3-92CE-48C2-88D3-D4E1C254C746}.Release|x64.ActiveCfg = Release|x64
		{D32B88C3-92CE-48C2-88D3-D4E1C254C746}.Release|x64.Build.0 = Release|x64
		{D32B88C3-92CE-48C2-88D3-D4E1C254C746}.Release|x86.ActiveCfg = Release|Win32
		{D32B88C3-92CE-48C2-88D3-D4E1C254C746}.Release|x86.Build.0 = Release|Win32
		{DEBAA68F-C8B2-4D76-815E-A07B5F0BC1A8}.Debug|x64.ActiveCfg = Debug|x64
		{DEBAA68F-C8B2-4D76-815E-A07B5F0BC1A8}.Debug|x64.Build.0 = Debug|x64
		{DEBAA68F-C8B2-4D76-815E-A07B5F0BC1A8}.Debug|x86.ActiveCfg = Debug|Win32
		{DEBAA68F-C8B2-4D76-815E-A07B5F0BC1A8}.Debug|x86.Build.0 = Debug|Win32
		{DEBAA68F-C8B2-4D76-815E-A07B5F0BC1A8}.Release|x64.ActiveCfg = Release|x64
		{DEBAA68F-C8B2-4D76-815E-A07B5F0BC1A8}.Release|x64.Build.0 = Release|x64
		{DEBAA68F-C8B2-4D76-815E-A07B5F0BC1A8}.Release|x86.ActiveCfg = Release|Win32
		{DEBAA68F-C8B2-4D76-815E-A07B5F0BC1A8}.Release|x86.Build.0 = Release|Win32
		{E8DE4A7F-22A3-45CA-8285-10802EBA3280}.Debug|x64.ActiveCfg = Debug|x64
		{E8DE4A7F-22A3-45CA-8285-10802EBA3280}.Debug|x64.Build.0 = Debug|x64
		{E8DE4A7F-22A3-45CA-8285-10802EBA3280}.Debug|x86.ActiveCfg = Debug|Win32
		{E8DE4A7F-22A3-45CA-8285-10802EBA3280}.Debug|x86.Build.0 = Debug|Win32
		{E8DE4A7F-22A3-45CA-8285-10802EBA3280}.Release|x64.ActiveCfg = Release|x64
		{E8DE4A7F-22A3-45CA-8285-10802EBA3280}.Release|x64.Build.0 = Release|x64
		{E8DE4A7F-22A3-45CA-8285-10802EBA3280}.Release|x86.ActiveCfg = Release|Win32
		{E8DE4A7F-22A3-45CA-8285-10802EBA3280}.Release|x86.Build.0 = Release|Win32
		{7EB61DE3-A957-4EF9-9699-B7A0C41D2A17}.Debug|x64.ActiveCfg = Debug|x64
		{7EB61DE3-A957-4EF9-9699-B7A0C41D2A17}.Debug|x64.Build.0 = Debug|x64
		{7EB61DE3-A957-4EF9-9699-B7A0C41D2A17}.Debug|x86.ActiveCfg = Debug|Win32
		{7EB61DE3-A957-4EF9-9699-B7A0C41D2A17}.Debug|x86.Build.0 = Debug|Win32
		{7EB61DE3-A957-4EF9-9699-B7A0C41D2A17}.Release|x64.ActiveCfg = Release|x64
		{7EB61DE3-A957-4EF9-9699-B7A0C41D2A17}.Release|x64.Build.0 = Release|x64
		{7EB61DE3-A957-4EF9-9699-B7A0C41D2A17}.Release|x86.ActiveCfg = Release|Win32
		{7EB61DE3-A957-4EF9-9699-B7A0C41D2A17}.Release|x86.Build.0 = Release|Win32
	EndGlobalSection
	GlobalSection(SolutionProperties) = preSolution
		HideSolutionNode = FALSE
	EndGlobalSection
	GlobalSection(ExtensibilityGlobals) = postSolution
		SolutionGuid = {721F908D-115B-4C9D-9AEC-3092051518BE}
	EndGlobalSection
EndGlobal
